
Microsoft Visual Studio Solution File, Format Version 12.00
# Visual Studio 14
VisualStudioVersion = 14.0.24720.0
MinimumVisualStudioVersion = 10.0.40219.1
Project("{FAE04EC0-301F-11D3-BF4B-00C04F79EFBC}") = "CheckoutKata", "src\CheckoutKata\CheckoutKata.csproj", "{E11C3C7B-FE66-4617-98D7-638DE18E87E4}"
EndProject
Project("{FAE04EC0-301F-11D3-BF4B-00C04F79EFBC}") = "CheckoutKata.Tests", "CheckoutKata.Tests\CheckoutKata.Tests.csproj", "{9D1D0FCB-D95D-40DA-83B5-1C0F62144D86}"
EndProject
Global
	GlobalSection(SolutionConfigurationPlatforms) = preSolution
		Debug|Any CPU = Debug|Any CPU
		Release|Any CPU = Release|Any CPU
	EndGlobalSection
	GlobalSection(ProjectConfigurationPlatforms) = postSolution
		{E11C3C7B-FE66-4617-98D7-638DE18E87E4}.Debug|Any CPU.ActiveCfg = Debug|Any CPU
		{E11C3C7B-FE66-4617-98D7-638DE18E87E4}.Debug|Any CPU.Build.0 = Debug|Any CPU
		{E11C3C7B-FE66-4617-98D7-638DE18E87E4}.Release|Any CPU.ActiveCfg = Release|Any CPU
		{E11C3C7B-FE66-4617-98D7-638DE18E87E4}.Release|Any CPU.Build.0 = Release|Any CPU
		{9D1D0FCB-D95D-40DA-83B5-1C0F62144D86}.Debug|Any CPU.ActiveCfg = Debug|Any CPU
		{9D1D0FCB-D95D-40DA-83B5-1C0F62144D86}.Debug|Any CPU.Build.0 = Debug|Any CPU
		{9D1D0FCB-D95D-40DA-83B5-1C0F62144D86}.Release|Any CPU.ActiveCfg = Release|Any CPU
		{9D1D0FCB-D95D-40DA-83B5-1C0F62144D86}.Release|Any CPU.Build.0 = Release|Any CPU
	EndGlobalSection
	GlobalSection(SolutionProperties) = preSolution
		HideSolutionNode = FALSE
	EndGlobalSection
EndGlobal
